
Microsoft Visual Studio Solution File, Format Version 12.00
# Visual Studio Version 16
VisualStudioVersion = 16.0.31613.86
MinimumVisualStudioVersion = 10.0.40219.1
Project("{FAE04EC0-301F-11D3-BF4B-00C04F79EFBC}") = "EmployeeInformationSystem(WindowsFormApp)", "EmployeeInformationSystem(WindowsFormApp)\EmployeeInformationSystem(WindowsFormApp).csproj", "{FDADF880-BD2C-47B9-A3E7-70ECAAC64950}"
EndProject
Global
	GlobalSection(SolutionConfigurationPlatforms) = preSolution
		Debug|Any CPU = Debug|Any CPU
		Release|Any CPU = Release|Any CPU
	EndGlobalSection
	GlobalSection(ProjectConfigurationPlatforms) = postSolution
		{FDADF880-BD2C-47B9-A3E7-70ECAAC64950}.Debug|Any CPU.ActiveCfg = Debug|Any CPU
		{FDADF880-BD2C-47B9-A3E7-70ECAAC64950}.Debug|Any CPU.Build.0 = Debug|Any CPU
		{FDADF880-BD2C-47B9-A3E7-70ECAAC64950}.Release|Any CPU.ActiveCfg = Release|Any CPU
		{FDADF880-BD2C-47B9-A3E7-70ECAAC64950}.Release|Any CPU.Build.0 = Release|Any CPU
	EndGlobalSection
	GlobalSection(SolutionProperties) = preSolution
		HideSolutionNode = FALSE
	EndGlobalSection
	GlobalSection(ExtensibilityGlobals) = postSolution
		SolutionGuid = {2FBDE6C3-01A5-4C4A-8F5A-22C8D90B17FC}
	EndGlobalSection
EndGlobal
